// !$*UTF8*$!
{
	archiveVersion = 1;
	classes = {
	};
	objectVersion = 46;
	objects = {

/* Begin PBXBuildFile section */
		18E1B9171B1C9CB2000D5F86 /* AppDelegate.swift in Sources */ = {isa = PBXBuildFile; fileRef = 18E1B9161B1C9CB2000D5F86 /* AppDelegate.swift */; };
		18E1B9191B1C9CB2000D5F86 /* ViewController.swift in Sources */ = {isa = PBXBuildFile; fileRef = 18E1B9181B1C9CB2000D5F86 /* ViewController.swift */; };
		18E1B91C1B1C9CB2000D5F86 /* Main.storyboard in Resources */ = {isa = PBXBuildFile; fileRef = 18E1B91A1B1C9CB2000D5F86 /* Main.storyboard */; };
		18E1B91E1B1C9CB2000D5F86 /* Images.xcassets in Resources */ = {isa = PBXBuildFile; fileRef = 18E1B91D1B1C9CB2000D5F86 /* Images.xcassets */; };
		18E1B9211B1C9CB2000D5F86 /* LaunchScreen.xib in Resources */ = {isa = PBXBuildFile; fileRef = 18E1B91F1B1C9CB2000D5F86 /* LaunchScreen.xib */; };
		18E1B92D1B1C9CB2000D5F86 /* htmlparserTests.swift in Sources */ = {isa = PBXBuildFile; fileRef = 18E1B92C1B1C9CB2000D5F86 /* htmlparserTests.swift */; };
/* End PBXBuildFile section */

/* Begin PBXContainerItemProxy section */
		18E1B9271B1C9CB2000D5F86 /* PBXContainerItemProxy */ = {
			isa = PBXContainerItemProxy;
			containerPortal = 18E1B9091B1C9CB2000D5F86 /* Project object */;
			proxyType = 1;
			remoteGlobalIDString = 18E1B9101B1C9CB2000D5F86;
			remoteInfo = htmlparser;
		};
/* End PBXContainerItemProxy section */

/* Begin PBXFileReference section */
		18E1B9111B1C9CB2000D5F86 /* htmlparser.app */ = {isa = PBXFileReference; explicitFileType = wrapper.application; includeInIndex = 0; path = htmlparser.app; sourceTree = BUILT_PRODUCTS_DIR; };
		18E1B9151B1C9CB2000D5F86 /* Info.plist */ = {isa = PBXFileReference; lastKnownFileType = text.plist.xml; path = Info.plist; sourceTree = "<group>"; };
		18E1B9161B1C9CB2000D5F86 /* AppDelegate.swift */ = {isa = PBXFileReference; lastKnownFileType = sourcecode.swift; path = AppDelegate.swift; sourceTree = "<group>"; };
		18E1B9181B1C9CB2000D5F86 /* ViewController.swift */ = {isa = PBXFileReference; lastKnownFileType = sourcecode.swift; path = ViewController.swift; sourceTree = "<group>"; };
		18E1B91B1B1C9CB2000D5F86 /* Base */ = {isa = PBXFileReference; lastKnownFileType = file.storyboard; name = Base; path = Base.lproj/Main.storyboard; sourceTree = "<group>"; };
		18E1B91D1B1C9CB2000D5F86 /* Images.xcassets */ = {isa = PBXFileReference; lastKnownFileType = folder.assetcatalog; path = Images.xcassets; sourceTree = "<group>"; };
		18E1B9201B1C9CB2000D5F86 /* Base */ = {isa = PBXFileReference; lastKnownFileType = file.xib; name = Base; path = Base.lproj/LaunchScreen.xib; sourceTree = "<group>"; };
		18E1B9261B1C9CB2000D5F86 /* htmlparserTests.xctest */ = {isa = PBXFileReference; explicitFileType = wrapper.cfbundle; includeInIndex = 0; path = htmlparserTests.xctest; sourceTree = BUILT_PRODUCTS_DIR; };
		18E1B92B1B1C9CB2000D5F86 /* Info.plist */ = {isa = PBXFileReference; lastKnownFileType = text.plist.xml; path = Info.plist; sourceTree = "<group>"; };
		18E1B92C1B1C9CB2000D5F86 /* htmlparserTests.swift */ = {isa = PBXFileReference; lastKnownFileType = sourcecode.swift; path = htmlparserTests.swift; sourceTree = "<group>"; };
/* End PBXFileReference section */

/* Begin PBXFrameworksBuildPhase section */
		18E1B90E1B1C9CB2000D5F86 /* Frameworks */ = {
			isa = PBXFrameworksBuildPhase;
			buildActionMask = 2147483647;
			files = (
			);
			runOnlyForDeploymentPostprocessing = 0;
		};
		18E1B9231B1C9CB2000D5F86 /* Frameworks */ = {
			isa = PBXFrameworksBuildPhase;
			buildActionMask = 2147483647;
			files = (
			);
			runOnlyForDeploymentPostprocessing = 0;
		};
/* End PBXFrameworksBuildPhase section */

/* Begin PBXGroup section */
		18E1B9081B1C9CB2000D5F86 = {
			isa = PBXGroup;
			children = (
				18E1B9131B1C9CB2000D5F86 /* htmlparser */,
				18E1B9291B1C9CB2000D5F86 /* htmlparserTests */,
				18E1B9121B1C9CB2000D5F86 /* Products */,
			);
			sourceTree = "<group>";
		};
		18E1B9121B1C9CB2000D5F86 /* Products */ = {
			isa = PBXGroup;
			children = (
				18E1B9111B1C9CB2000D5F86 /* htmlparser.app */,
				18E1B9261B1C9CB2000D5F86 /* htmlparserTests.xctest */,
			);
			name = Products;
			sourceTree = "<group>";
		};
		18E1B9131B1C9CB2000D5F86 /* htmlparser */ = {
			isa = PBXGroup;
			children = (
				18E1B9161B1C9CB2000D5F86 /* AppDelegate.swift */,
				18E1B9181B1C9CB2000D5F86 /* ViewController.swift */,
				18E1B91A1B1C9CB2000D5F86 /* Main.storyboard */,
				18E1B91D1B1C9CB2000D5F86 /* Images.xcassets */,
				18E1B91F1B1C9CB2000D5F86 /* LaunchScreen.xib */,
				18E1B9141B1C9CB2000D5F86 /* Supporting Files */,
			);
			path = htmlparser;
			sourceTree = "<group>";
		};
		18E1B9141B1C9CB2000D5F86 /* Supporting Files */ = {
			isa = PBXGroup;
			children = (
				18E1B9151B1C9CB2000D5F86 /* Info.plist */,
			);
			name = "Supporting Files";
			sourceTree = "<group>";
		};
		18E1B9291B1C9CB2000D5F86 /* htmlparserTests */ = {
			isa = PBXGroup;
			children = (
				18E1B92C1B1C9CB2000D5F86 /* htmlparserTests.swift */,
				18E1B92A1B1C9CB2000D5F86 /* Supporting Files */,
			);
			path = htmlparserTests;
			sourceTree = "<group>";
		};
		18E1B92A1B1C9CB2000D5F86 /* Supporting Files */ = {
			isa = PBXGroup;
			children = (
				18E1B92B1B1C9CB2000D5F86 /* Info.plist */,
			);
			name = "Supporting Files";
			sourceTree = "<group>";
		};
/* End PBXGroup section */

/* Begin PBXNativeTarget section */
		18E1B9101B1C9CB2000D5F86 /* htmlparser */ = {
			isa = PBXNativeTarget;
			buildConfigurationList = 18E1B9301B1C9CB2000D5F86 /* Build configuration list for PBXNativeTarget "htmlparser" */;
			buildPhases = (
				18E1B90D1B1C9CB2000D5F86 /* Sources */,
				18E1B90E1B1C9CB2000D5F86 /* Frameworks */,
				18E1B90F1B1C9CB2000D5F86 /* Resources */,
			);
			buildRules = (
			);
			dependencies = (
			);
			name = htmlparser;
			productName = htmlparser;
			productReference = 18E1B9111B1C9CB2000D5F86 /* htmlparser.app */;
			productType = "com.apple.product-type.application";
		};
		18E1B9251B1C9CB2000D5F86 /* htmlparserTests */ = {
			isa = PBXNativeTarget;
			buildConfigurationList = 18E1B9331B1C9CB2000D5F86 /* Build configuration list for PBXNativeTarget "htmlparserTests" */;
			buildPhases = (
				18E1B9221B1C9CB2000D5F86 /* Sources */,
				18E1B9231B1C9CB2000D5F86 /* Frameworks */,
				18E1B9241B1C9CB2000D5F86 /* Resources */,
			);
			buildRules = (
			);
			dependencies = (
				18E1B9281B1C9CB2000D5F86 /* PBXTargetDependency */,
			);
			name = htmlparserTests;
			productName = htmlparserTests;
			productReference = 18E1B9261B1C9CB2000D5F86 /* htmlparserTests.xctest */;
			productType = "com.apple.product-type.bundle.unit-test";
		};
/* End PBXNativeTarget section */

/* Begin PBXProject section */
		18E1B9091B1C9CB2000D5F86 /* Project object */ = {
			isa = PBXProject;
			attributes = {
				LastUpgradeCheck = 0630;
				ORGANIZATIONNAME = "Jiahao Lin";
				TargetAttributes = {
					18E1B9101B1C9CB2000D5F86 = {
						CreatedOnToolsVersion = 6.3;
					};
					18E1B9251B1C9CB2000D5F86 = {
						CreatedOnToolsVersion = 6.3;
						TestTargetID = 18E1B9101B1C9CB2000D5F86;
					};
				};
			};
			buildConfigurationList = 18E1B90C1B1C9CB2000D5F86 /* Build configuration list for PBXProject "htmlparser" */;
			compatibilityVersion = "Xcode 3.2";
			developmentRegion = English;
			hasScannedForEncodings = 0;
			knownRegions = (
				en,
				Base,
			);
			mainGroup = 18E1B9081B1C9CB2000D5F86;
			productRefGroup = 18E1B9121B1C9CB2000D5F86 /* Products */;
			projectDirPath = "";
			projectRoot = "";
			targets = (
				18E1B9101B1C9CB2000D5F86 /* htmlparser */,
				18E1B9251B1C9CB2000D5F86 /* htmlparserTests */,
			);
		};
/* End PBXProject section */

/* Begin PBXResourcesBuildPhase section */
		18E1B90F1B1C9CB2000D5F86 /* Resources */ = {
			isa = PBXResourcesBuildPhase;
			buildActionMask = 2147483647;
			files = (
				18E1B91C1B1C9CB2000D5F86 /* Main.storyboard in Resources */,
				18E1B9211B1C9CB2000D5F86 /* LaunchScreen.xib in Resources */,
				18E1B91E1B1C9CB2000D5F86 /* Images.xcassets in Resources */,
			);
			runOnlyForDeploymentPostprocessing = 0;
		};
		18E1B9241B1C9CB2000D5F86 /* Resources */ = {
			isa = PBXResourcesBuildPhase;
			buildActionMask = 2147483647;
			files = (
			);
			runOnlyForDeploymentPostprocessing = 0;
		};
/* End PBXResourcesBuildPhase section */

/* Begin PBXSourcesBuildPhase section */
		18E1B90D1B1C9CB2000D5F86 /* Sources */ = {
			isa = PBXSourcesBuildPhase;
			buildActionMask = 2147483647;
			files = (
				18E1B9191B1C9CB2000D5F86 /* ViewController.swift in Sources */,
				18E1B9171B1C9CB2000D5F86 /* AppDelegate.swift in Sources */,
			);
			runOnlyForDeploymentPostprocessing = 0;
		};
		18E1B9221B1C9CB2000D5F86 /* Sources */ = {
			isa = PBXSourcesBuildPhase;
			buildActionMask = 2147483647;
			files = (
				18E1B92D1B1C9CB2000D5F86 /* htmlparserTests.swift in Sources */,
			);
			runOnlyForDeploymentPostprocessing = 0;
		};
/* End PBXSourcesBuildPhase section */

/* Begin PBXTargetDependency section */
		18E1B9281B1C9CB2000D5F86 /* PBXTargetDependency */ = {
			isa = PBXTargetDependency;
			target = 18E1B9101B1C9CB2000D5F86 /* htmlparser */;
			targetProxy = 18E1B9271B1C9CB2000D5F86 /* PBXContainerItemProxy */;
		};
/* End PBXTargetDependency section */

/* Begin PBXVariantGroup section */
		18E1B91A1B1C9CB2000D5F86 /* Main.storyboard */ = {
			isa = PBXVariantGroup;
			children = (
				18E1B91B1B1C9CB2000D5F86 /* Base */,
			);
			name = Main.storyboard;
			sourceTree = "<group>";
		};
		18E1B91F1B1C9CB2000D5F86 /* LaunchScreen.xib */ = {
			isa = PBXVariantGroup;
			children = (
				18E1B9201B1C9CB2000D5F86 /* Base */,
			);
			name = LaunchScreen.xib;
			sourceTree = "<group>";
		};
/* End PBXVariantGroup section */

/* Begin XCBuildConfiguration section */
		18E1B92E1B1C9CB2000D5F86 /* Debug */ = {
			isa = XCBuildConfiguration;
			buildSettings = {
				ALWAYS_SEARCH_USER_PATHS = NO;
				CLANG_CXX_LANGUAGE_STANDARD = "gnu++0x";
				CLANG_CXX_LIBRARY = "libc++";
				CLANG_ENABLE_MODULES = YES;
				CLANG_ENABLE_OBJC_ARC = YES;
				CLANG_WARN_BOOL_CONVERSION = YES;
				CLANG_WARN_CONSTANT_CONVERSION = YES;
				CLANG_WARN_DIRECT_OBJC_ISA_USAGE = YES_ERROR;
				CLANG_WARN_EMPTY_BODY = YES;
				CLANG_WARN_ENUM_CONVERSION = YES;
				CLANG_WARN_INT_CONVERSION = YES;
				CLANG_WARN_OBJC_ROOT_CLASS = YES_ERROR;
				CLANG_WARN_UNREACHABLE_CODE = YES;
				CLANG_WARN__DUPLICATE_METHOD_MATCH = YES;
				"CODE_SIGN_IDENTITY[sdk=iphoneos*]" = "iPhone Developer";
				COPY_PHASE_STRIP = NO;
				DEBUG_INFORMATION_FORMAT = "dwarf-with-dsym";
				ENABLE_STRICT_OBJC_MSGSEND = YES;
				GCC_C_LANGUAGE_STANDARD = gnu99;
				GCC_DYNAMIC_NO_PIC = NO;
				GCC_NO_COMMON_BLOCKS = YES;
				GCC_OPTIMIZATION_LEVEL = 0;
				GCC_PREPROCESSOR_DEFINITIONS = (
					"DEBUG=1",
					"$(inherited)",
				);
				GCC_SYMBOLS_PRIVATE_EXTERN = NO;
				GCC_WARN_64_TO_32_BIT_CONVERSION = YES;
				GCC_WARN_ABOUT_RETURN_TYPE = YES_ERROR;
				GCC_WARN_UNDECLARED_SELECTOR = YES;
				GCC_WARN_UNINITIALIZED_AUTOS = YES_AGGRESSIVE;
				GCC_WARN_UNUSED_FUNCTION = YES;
				GCC_WARN_UNUSED_VARIABLE = YES;
				IPHONEOS_DEPLOYMENT_TARGET = 8.3;
				MTL_ENABLE_DEBUG_INFO = YES;
				ONLY_ACTIVE_ARCH = YES;
				SDKROOT = iphoneos;
				SWIFT_OPTIMIZATION_LEVEL = "-Onone";
			};
			name = Debug;
		};
		18E1B92F1B1C9CB2000D5F86 /* Release */ = {
			isa = XCBuildConfiguration;
			buildSettings = {
				ALWAYS_SEARCH_USER_PATHS = NO;
				CLANG_CXX_LANGUAGE_STANDARD = "gnu++0x";
				CLANG_CXX_LIBRARY = "libc++";
				CLANG_ENABLE_MODULES = YES;
				CLANG_ENABLE_OBJC_ARC = YES;
				CLANG_WARN_BOOL_CONVERSION = YES;
				CLANG_WARN_CONSTANT_CONVERSION = YES;
				CLANG_WARN_DIRECT_OBJC_ISA_USAGE = YES_ERROR;
				CLANG_WARN_EMPTY_BODY = YES;
				CLANG_WARN_ENUM_CONVERSION = YES;
				CLANG_WARN_INT_CONVERSION = YES;
				CLANG_WARN_OBJC_ROOT_CLASS = YES_ERROR;
				CLANG_WARN_UNREACHABLE_CODE = YES;
				CLANG_WARN__DUPLICATE_METHOD_MATCH = YES;
				"CODE_SIGN_IDENTITY[sdk=iphoneos*]" = "iPhone Developer";
				COPY_PHASE_STRIP = NO;
				DEBUG_INFORMATION_FORMAT = "dwarf-with-dsym";
				ENABLE_NS_ASSERTIONS = NO;
				ENABLE_STRICT_OBJC_MSGSEND = YES;
				GCC_C_LANGUAGE_STANDARD = gnu99;
				GCC_NO_COMMON_BLOCKS = YES;
				GCC_WARN_64_TO_32_BIT_CONVERSION = YES;
				GCC_WARN_ABOUT_RETURN_TYPE = YES_ERROR;
				GCC_WARN_UNDECLARED_SELECTOR = YES;
				GCC_WARN_UNINITIALIZED_AUTOS = YES_AGGRESSIVE;
				GCC_WARN_UNUSED_FUNCTION = YES;
				GCC_WARN_UNUSED_VARIABLE = YES;
				IPHONEOS_DEPLOYMENT_TARGET = 8.3;
				MTL_ENABLE_DEBUG_INFO = NO;
				SDKROOT = iphoneos;
				VALIDATE_PRODUCT = YES;
			};
			name = Release;
		};
		18E1B9311B1C9CB2000D5F86 /* Debug */ = {
			isa = XCBuildConfiguration;
			buildSettings = {
				ASSETCATALOG_COMPILER_APPICON_NAME = AppIcon;
				INFOPLIST_FILE = htmlparser/Info.plist;
				LD_RUNPATH_SEARCH_PATHS = "$(inherited) @executable_path/Frameworks";
				PRODUCT_NAME = "$(TARGET_NAME)";
			};
			name = Debug;
		};
		18E1B9321B1C9CB2000D5F86 /* Release */ = {
			isa = XCBuildConfiguration;
			buildSettings = {
				ASSETCATALOG_COMPILER_APPICON_NAME = AppIcon;
				INFOPLIST_FILE = htmlparser/Info.plist;
				LD_RUNPATH_SEARCH_PATHS = "$(inherited) @executable_path/Frameworks";
				PRODUCT_NAME = "$(TARGET_NAME)";
			};
			name = Release;
		};
		18E1B9341B1C9CB2000D5F86 /* Debug */ = {
			isa = XCBuildConfiguration;
			buildSettings = {
				BUNDLE_LOADER = "$(TEST_HOST)";
				FRAMEWORK_SEARCH_PATHS = (
					"$(SDKROOT)/Developer/Library/Frameworks",
					"$(inherited)",
				);
				GCC_PREPROCESSOR_DEFINITIONS = (
					"DEBUG=1",
					"$(inherited)",
				);
				INFOPLIST_FILE = htmlparserTests/Info.plist;
				LD_RUNPATH_SEARCH_PATHS = "$(inherited) @executable_path/Frameworks @loader_path/Frameworks";
				PRODUCT_NAME = "$(TARGET_NAME)";
				TEST_HOST = "$(BUILT_PRODUCTS_DIR)/htmlparser.app/htmlparser";
			};
			name = Debug;
		};
		18E1B9351B1C9CB2000D5F86 /* Release */ = {
			isa = XCBuildConfiguration;
			buildSettings = {
				BUNDLE_LOADER = "$(TEST_HOST)";
				FRAMEWORK_SEARCH_PATHS = (
					"$(SDKROOT)/Developer/Library/Frameworks",
					"$(inherited)",
				);
				INFOPLIST_FILE = htmlparserTests/Info.plist;
				LD_RUNPATH_SEARCH_PATHS = "$(inherited) @executable_path/Frameworks @loader_path/Frameworks";
				PRODUCT_NAME = "$(TARGET_NAME)";
				TEST_HOST = "$(BUILT_PRODUCTS_DIR)/htmlparser.app/htmlparser";
			};
			name = Release;
		};
/* End XCBuildConfiguration section */

/* Begin XCConfigurationList section */
		18E1B90C1B1C9CB2000D5F86 /* Build configuration list for PBXProject "htmlparser" */ = {
			isa = XCConfigurationList;
			buildConfigurations = (
				18E1B92E1B1C9CB2000D5F86 /* Debug */,
				18E1B92F1B1C9CB2000D5F86 /* Release */,
			);
			defaultConfigurationIsVisible = 0;
			defaultConfigurationName = Release;
		};
		18E1B9301B1C9CB2000D5F86 /* Build configuration list for PBXNativeTarget "htmlparser" */ = {
			isa = XCConfigurationList;
			buildConfigurations = (
				18E1B9311B1C9CB2000D5F86 /* Debug */,
				18E1B9321B1C9CB2000D5F86 /* Release */,
			);
			defaultConfigurationIsVisible = 0;
		};
		18E1B9331B1C9CB2000D5F86 /* Build configuration list for PBXNativeTarget "htmlparserTests" */ = {
			isa = XCConfigurationList;
			buildConfigurations = (
				18E1B9341B1C9CB2000D5F86 /* Debug */,
				18E1B9351B1C9CB2000D5F86 /* Release */,
			);
			defaultConfigurationIsVisible = 0;
		};
/* End XCConfigurationList section */
	};
	rootObject = 18E1B9091B1C9CB2000D5F86 /* Project object */;
}
